// !$*UTF8*$!
{
	archiveVersion = 1;
	classes = {
	};
	objectVersion = 51;
	objects = {

/* Begin PBXBuildFile section */
		DE5F334627018265005F8EC3 /* AppDelegate.swift in Sources */ = {isa = PBXBuildFile; fileRef = DE5F334527018265005F8EC3 /* AppDelegate.swift */; };
		DE5F334827018265005F8EC3 /* SceneDelegate.swift in Sources */ = {isa = PBXBuildFile; fileRef = DE5F334727018265005F8EC3 /* SceneDelegate.swift */; };
		DE5F334A27018265005F8EC3 /* ViewController.swift in Sources */ = {isa = PBXBuildFile; fileRef = DE5F334927018265005F8EC3 /* ViewController.swift */; };
		DE5F334D27018265005F8EC3 /* Main.storyboard in Resources */ = {isa = PBXBuildFile; fileRef = DE5F334B27018265005F8EC3 /* Main.storyboard */; };
		DE5F334F27018266005F8EC3 /* Assets.xcassets in Resources */ = {isa = PBXBuildFile; fileRef = DE5F334E27018266005F8EC3 /* Assets.xcassets */; };
		DE5F335227018266005F8EC3 /* LaunchScreen.storyboard in Resources */ = {isa = PBXBuildFile; fileRef = DE5F335027018266005F8EC3 /* LaunchScreen.storyboard */; };
		DE5F336B27018352005F8EC3 /* EnvironmentSetup.swift in Sources */ = {isa = PBXBuildFile; fileRef = DE5F336A27018352005F8EC3 /* EnvironmentSetup.swift */; };
		DE5F338027018D6B005F8EC3 /* UAT.plist in Resources */ = {isa = PBXBuildFile; fileRef = DE5F337F27018D6B005F8EC3 /* UAT.plist */; };
		DE5F338327018D7C005F8EC3 /* PreProd.plist in Resources */ = {isa = PBXBuildFile; fileRef = DE5F338227018D7C005F8EC3 /* PreProd.plist */; };
		DE5F338627018D88005F8EC3 /* CUG.plist in Resources */ = {isa = PBXBuildFile; fileRef = DE5F338527018D88005F8EC3 /* CUG.plist */; };
		DE5F338927018D91005F8EC3 /* PROD.plist in Resources */ = {isa = PBXBuildFile; fileRef = DE5F338827018D91005F8EC3 /* PROD.plist */; };
		DE5F338E27019C9D005F8EC3 /* ColorData.plist in Resources */ = {isa = PBXBuildFile; fileRef = DE5F338D27019C9D005F8EC3 /* ColorData.plist */; };
		DE5F339227019D53005F8EC3 /* Extensions.swift in Sources */ = {isa = PBXBuildFile; fileRef = DE5F339127019D53005F8EC3 /* Extensions.swift */; };
		DE5F339727019E3C005F8EC3 /* ABUtils.swift in Sources */ = {isa = PBXBuildFile; fileRef = DE5F339627019E3C005F8EC3 /* ABUtils.swift */; };
		DE5F339B27019F49005F8EC3 /* ABThemeConstant.swift in Sources */ = {isa = PBXBuildFile; fileRef = DE5F339A27019F49005F8EC3 /* ABThemeConstant.swift */; };
		DE5F33A42701B9DA005F8EC3 /* iPhoneSmall.plist in Resources */ = {isa = PBXBuildFile; fileRef = DE5F33A32701B9DA005F8EC3 /* iPhoneSmall.plist */; };
		DE5F33A72701B9EA005F8EC3 /* iPhoneMedium.plist in Resources */ = {isa = PBXBuildFile; fileRef = DE5F33A62701B9EA005F8EC3 /* iPhoneMedium.plist */; };
		DE5F33AA2701B9F9005F8EC3 /* iPhoneLarge.plist in Resources */ = {isa = PBXBuildFile; fileRef = DE5F33A92701B9F9005F8EC3 /* iPhoneLarge.plist */; };
		DE5F33AF2701CC73005F8EC3 /* ABNetworkManager.swift in Sources */ = {isa = PBXBuildFile; fileRef = DE5F33AE2701CC73005F8EC3 /* ABNetworkManager.swift */; };
		DE5F33BD2701E8EE005F8EC3 /* Enums.swift in Sources */ = {isa = PBXBuildFile; fileRef = DE5F33BC2701E8ED005F8EC3 /* Enums.swift */; };
		DE5F33C12701EA85005F8EC3 /* Constants.swift in Sources */ = {isa = PBXBuildFile; fileRef = DE5F33C02701EA85005F8EC3 /* Constants.swift */; };
		DE5F9E11DEA94E965C91FA33 /* Pods_Project_Setup_Demo.framework in Frameworks */ = {isa = PBXBuildFile; fileRef = 6ED186F2B55190954383E382 /* Pods_Project_Setup_Demo.framework */; };
		DE6B66802702D35D00327DDB /* CurrencyDataModel.swift in Sources */ = {isa = PBXBuildFile; fileRef = DE6B667F2702D35D00327DDB /* CurrencyDataModel.swift */; };
		DE97FBB9275E0AED0090E4DE /* EncryptionHelper.swift in Sources */ = {isa = PBXBuildFile; fileRef = DE97FBB8275E0AED0090E4DE /* EncryptionHelper.swift */; };
		DE97FBBF275E0CC80090E4DE /* RSAEncryption.swift in Sources */ = {isa = PBXBuildFile; fileRef = DE97FBBD275E0CC80090E4DE /* RSAEncryption.swift */; };
		DE97FBC0275E0CC80090E4DE /* RSAViewController.swift in Sources */ = {isa = PBXBuildFile; fileRef = DE97FBBE275E0CC80090E4DE /* RSAViewController.swift */; };
		DEA9BE2C275A186700C66873 /* FuzzyBubbles-Bold.ttf in Resources */ = {isa = PBXBuildFile; fileRef = DEA9BE29275A186700C66873 /* FuzzyBubbles-Bold.ttf */; };
		DEA9BE2D275A186700C66873 /* FuzzyBubbles-Regular.ttf in Resources */ = {isa = PBXBuildFile; fileRef = DEA9BE2A275A186700C66873 /* FuzzyBubbles-Regular.ttf */; };
		DEA9BE2E275A186700C66873 /* OFL.txt in Resources */ = {isa = PBXBuildFile; fileRef = DEA9BE2B275A186700C66873 /* OFL.txt */; };
		DEB6210A2759D1CF00DB49A5 /* www.google.co.uk.cer in Resources */ = {isa = PBXBuildFile; fileRef = DEB621092759D1CF00DB49A5 /* www.google.co.uk.cer */; };
		DEB621212759E2BA00DB49A5 /* CovidDataModel.swift in Sources */ = {isa = PBXBuildFile; fileRef = DEB621202759E2BA00DB49A5 /* CovidDataModel.swift */; };
		DEB621242759E2F100DB49A5 /* CovidPresenter.swift in Sources */ = {isa = PBXBuildFile; fileRef = DEB621232759E2F100DB49A5 /* CovidPresenter.swift */; };
		DEB621272759E82100DB49A5 /* CovidView.swift in Sources */ = {isa = PBXBuildFile; fileRef = DEB621262759E82100DB49A5 /* CovidView.swift */; };
		DEB6212A2759E88500DB49A5 /* CovidStatusViewController.swift in Sources */ = {isa = PBXBuildFile; fileRef = DEB621292759E88500DB49A5 /* CovidStatusViewController.swift */; };
		DEB6212F2759EA5100DB49A5 /* BaseViewController.swift in Sources */ = {isa = PBXBuildFile; fileRef = DEB6212E2759EA5100DB49A5 /* BaseViewController.swift */; };
		DEB621362759EE2700DB49A5 /* LeftRightCell.swift in Sources */ = {isa = PBXBuildFile; fileRef = DEB621342759EE2700DB49A5 /* LeftRightCell.swift */; };
		DEB621372759EE2700DB49A5 /* LeftRightCell.xib in Resources */ = {isa = PBXBuildFile; fileRef = DEB621352759EE2700DB49A5 /* LeftRightCell.xib */; };
		DEB6213A2759F2C200DB49A5 /* LeftRightModel.swift in Sources */ = {isa = PBXBuildFile; fileRef = DEB621392759F2C200DB49A5 /* LeftRightModel.swift */; };
/* End PBXBuildFile section */

/* Begin PBXFileReference section */
		05485A775B637496F97B98FF /* Pods-Project Setup Demo.releasecug.xcconfig */ = {isa = PBXFileReference; includeInIndex = 1; lastKnownFileType = text.xcconfig; name = "Pods-Project Setup Demo.releasecug.xcconfig"; path = "Target Support Files/Pods-Project Setup Demo/Pods-Project Setup Demo.releasecug.xcconfig"; sourceTree = "<group>"; };
		177BF48E3FD2A7BF0E4E6DF0 /* Pods-Project Setup Demo.releaseuat.xcconfig */ = {isa = PBXFileReference; includeInIndex = 1; lastKnownFileType = text.xcconfig; name = "Pods-Project Setup Demo.releaseuat.xcconfig"; path = "Target Support Files/Pods-Project Setup Demo/Pods-Project Setup Demo.releaseuat.xcconfig"; sourceTree = "<group>"; };
		260A304926D8C661F39E8CED /* Pods-Project Setup Demo.debugpreprod.xcconfig */ = {isa = PBXFileReference; includeInIndex = 1; lastKnownFileType = text.xcconfig; name = "Pods-Project Setup Demo.debugpreprod.xcconfig"; path = "Target Support Files/Pods-Project Setup Demo/Pods-Project Setup Demo.debugpreprod.xcconfig"; sourceTree = "<group>"; };
		4820F6874A20AC2E9F972A90 /* Pods-Project Setup Demo.debugprod.xcconfig */ = {isa = PBXFileReference; includeInIndex = 1; lastKnownFileType = text.xcconfig; name = "Pods-Project Setup Demo.debugprod.xcconfig"; path = "Target Support Files/Pods-Project Setup Demo/Pods-Project Setup Demo.debugprod.xcconfig"; sourceTree = "<group>"; };
		6ED186F2B55190954383E382 /* Pods_Project_Setup_Demo.framework */ = {isa = PBXFileReference; explicitFileType = wrapper.framework; includeInIndex = 0; path = Pods_Project_Setup_Demo.framework; sourceTree = BUILT_PRODUCTS_DIR; };
		941029B779FA910B5D4B8742 /* Pods-Project Setup Demo.debugcug.xcconfig */ = {isa = PBXFileReference; includeInIndex = 1; lastKnownFileType = text.xcconfig; name = "Pods-Project Setup Demo.debugcug.xcconfig"; path = "Target Support Files/Pods-Project Setup Demo/Pods-Project Setup Demo.debugcug.xcconfig"; sourceTree = "<group>"; };
		B0CB864F2B3B9FE8CEBE1982 /* Pods-Project Setup Demo.debuguat.xcconfig */ = {isa = PBXFileReference; includeInIndex = 1; lastKnownFileType = text.xcconfig; name = "Pods-Project Setup Demo.debuguat.xcconfig"; path = "Target Support Files/Pods-Project Setup Demo/Pods-Project Setup Demo.debuguat.xcconfig"; sourceTree = "<group>"; };
		B9B39DE5CD6C246C5C6D0886 /* Pods-Project Setup Demo.releaseprod.xcconfig */ = {isa = PBXFileReference; includeInIndex = 1; lastKnownFileType = text.xcconfig; name = "Pods-Project Setup Demo.releaseprod.xcconfig"; path = "Target Support Files/Pods-Project Setup Demo/Pods-Project Setup Demo.releaseprod.xcconfig"; sourceTree = "<group>"; };
		C579A6E404C0CB0EC6918DED /* Pods-Project Setup Demo.release.xcconfig */ = {isa = PBXFileReference; includeInIndex = 1; lastKnownFileType = text.xcconfig; name = "Pods-Project Setup Demo.release.xcconfig"; path = "Target Support Files/Pods-Project Setup Demo/Pods-Project Setup Demo.release.xcconfig"; sourceTree = "<group>"; };
		CCB0086220404797DF9E5BAA /* Pods-Project Setup Demo.releasepreprod.xcconfig */ = {isa = PBXFileReference; includeInIndex = 1; lastKnownFileType = text.xcconfig; name = "Pods-Project Setup Demo.releasepreprod.xcconfig"; path = "Target Support Files/Pods-Project Setup Demo/Pods-Project Setup Demo.releasepreprod.xcconfig"; sourceTree = "<group>"; };
		D6572F058FBC3220A6D570E8 /* Pods-Project Setup Demo.debug.xcconfig */ = {isa = PBXFileReference; includeInIndex = 1; lastKnownFileType = text.xcconfig; name = "Pods-Project Setup Demo.debug.xcconfig"; path = "Target Support Files/Pods-Project Setup Demo/Pods-Project Setup Demo.debug.xcconfig"; sourceTree = "<group>"; };
		DE5F334227018265005F8EC3 /* Project Setup Demo.app */ = {isa = PBXFileReference; explicitFileType = wrapper.application; includeInIndex = 0; path = "Project Setup Demo.app"; sourceTree = BUILT_PRODUCTS_DIR; };
		DE5F334527018265005F8EC3 /* AppDelegate.swift */ = {isa = PBXFileReference; lastKnownFileType = sourcecode.swift; path = AppDelegate.swift; sourceTree = "<group>"; };
		DE5F334727018265005F8EC3 /* SceneDelegate.swift */ = {isa = PBXFileReference; lastKnownFileType = sourcecode.swift; path = SceneDelegate.swift; sourceTree = "<group>"; };
		DE5F334927018265005F8EC3 /* ViewController.swift */ = {isa = PBXFileReference; lastKnownFileType = sourcecode.swift; path = ViewController.swift; sourceTree = "<group>"; };
		DE5F334C27018265005F8EC3 /* Base */ = {isa = PBXFileReference; lastKnownFileType = file.storyboard; name = Base; path = Base.lproj/Main.storyboard; sourceTree = "<group>"; };
		DE5F334E27018266005F8EC3 /* Assets.xcassets */ = {isa = PBXFileReference; lastKnownFileType = folder.assetcatalog; path = Assets.xcassets; sourceTree = "<group>"; };
		DE5F335127018266005F8EC3 /* Base */ = {isa = PBXFileReference; lastKnownFileType = file.storyboard; name = Base; path = Base.lproj/LaunchScreen.storyboard; sourceTree = "<group>"; };
		DE5F335327018266005F8EC3 /* Info.plist */ = {isa = PBXFileReference; lastKnownFileType = text.plist.xml; path = Info.plist; sourceTree = "<group>"; };
		DE5F336A27018352005F8EC3 /* EnvironmentSetup.swift */ = {isa = PBXFileReference; lastKnownFileType = sourcecode.swift; path = EnvironmentSetup.swift; sourceTree = "<group>"; };
		DE5F337F27018D6B005F8EC3 /* UAT.plist */ = {isa = PBXFileReference; lastKnownFileType = text.plist.xml; path = UAT.plist; sourceTree = "<group>"; };
		DE5F338227018D7C005F8EC3 /* PreProd.plist */ = {isa = PBXFileReference; lastKnownFileType = text.plist.xml; path = PreProd.plist; sourceTree = "<group>"; };
		DE5F338527018D88005F8EC3 /* CUG.plist */ = {isa = PBXFileReference; lastKnownFileType = text.plist.xml; path = CUG.plist; sourceTree = "<group>"; };
		DE5F338827018D91005F8EC3 /* PROD.plist */ = {isa = PBXFileReference; lastKnownFileType = text.plist.xml; path = PROD.plist; sourceTree = "<group>"; };
		DE5F338D27019C9D005F8EC3 /* ColorData.plist */ = {isa = PBXFileReference; lastKnownFileType = text.plist.xml; path = ColorData.plist; sourceTree = "<group>"; };
		DE5F339127019D53005F8EC3 /* Extensions.swift */ = {isa = PBXFileReference; lastKnownFileType = sourcecode.swift; path = Extensions.swift; sourceTree = "<group>"; };
		DE5F339627019E3C005F8EC3 /* ABUtils.swift */ = {isa = PBXFileReference; lastKnownFileType = sourcecode.swift; path = ABUtils.swift; sourceTree = "<group>"; };
		DE5F339A27019F49005F8EC3 /* ABThemeConstant.swift */ = {isa = PBXFileReference; lastKnownFileType = sourcecode.swift; path = ABThemeConstant.swift; sourceTree = "<group>"; };
		DE5F33A32701B9DA005F8EC3 /* iPhoneSmall.plist */ = {isa = PBXFileReference; lastKnownFileType = text.plist.xml; path = iPhoneSmall.plist; sourceTree = "<group>"; };
		DE5F33A62701B9EA005F8EC3 /* iPhoneMedium.plist */ = {isa = PBXFileReference; lastKnownFileType = text.plist.xml; path = iPhoneMedium.plist; sourceTree = "<group>"; };
		DE5F33A92701B9F9005F8EC3 /* iPhoneLarge.plist */ = {isa = PBXFileReference; lastKnownFileType = text.plist.xml; path = iPhoneLarge.plist; sourceTree = "<group>"; };
		DE5F33AE2701CC73005F8EC3 /* ABNetworkManager.swift */ = {isa = PBXFileReference; lastKnownFileType = sourcecode.swift; path = ABNetworkManager.swift; sourceTree = "<group>"; };
		DE5F33BC2701E8ED005F8EC3 /* Enums.swift */ = {isa = PBXFileReference; lastKnownFileType = sourcecode.swift; path = Enums.swift; sourceTree = "<group>"; };
		DE5F33C02701EA85005F8EC3 /* Constants.swift */ = {isa = PBXFileReference; lastKnownFileType = sourcecode.swift; path = Constants.swift; sourceTree = "<group>"; };
		DE6B667F2702D35D00327DDB /* CurrencyDataModel.swift */ = {isa = PBXFileReference; lastKnownFileType = sourcecode.swift; path = CurrencyDataModel.swift; sourceTree = "<group>"; };
		DE97FBB8275E0AED0090E4DE /* EncryptionHelper.swift */ = {isa = PBXFileReference; lastKnownFileType = sourcecode.swift; path = EncryptionHelper.swift; sourceTree = "<group>"; };
		DE97FBBD275E0CC80090E4DE /* RSAEncryption.swift */ = {isa = PBXFileReference; fileEncoding = 4; lastKnownFileType = sourcecode.swift; path = RSAEncryption.swift; sourceTree = "<group>"; };
		DE97FBBE275E0CC80090E4DE /* RSAViewController.swift */ = {isa = PBXFileReference; fileEncoding = 4; lastKnownFileType = sourcecode.swift; path = RSAViewController.swift; sourceTree = "<group>"; };
		DEA9BE29275A186700C66873 /* FuzzyBubbles-Bold.ttf */ = {isa = PBXFileReference; lastKnownFileType = file; path = "FuzzyBubbles-Bold.ttf"; sourceTree = "<group>"; };
		DEA9BE2A275A186700C66873 /* FuzzyBubbles-Regular.ttf */ = {isa = PBXFileReference; lastKnownFileType = file; path = "FuzzyBubbles-Regular.ttf"; sourceTree = "<group>"; };
		DEA9BE2B275A186700C66873 /* OFL.txt */ = {isa = PBXFileReference; fileEncoding = 4; lastKnownFileType = text; path = OFL.txt; sourceTree = "<group>"; };
		DEB621092759D1CF00DB49A5 /* www.google.co.uk.cer */ = {isa = PBXFileReference; lastKnownFileType = file; path = www.google.co.uk.cer; sourceTree = "<group>"; };
		DEB621202759E2BA00DB49A5 /* CovidDataModel.swift */ = {isa = PBXFileReference; lastKnownFileType = sourcecode.swift; path = CovidDataModel.swift; sourceTree = "<group>"; };
		DEB621232759E2F100DB49A5 /* CovidPresenter.swift */ = {isa = PBXFileReference; lastKnownFileType = sourcecode.swift; path = CovidPresenter.swift; sourceTree = "<group>"; };
		DEB621262759E82100DB49A5 /* CovidView.swift */ = {isa = PBXFileReference; lastKnownFileType = sourcecode.swift; path = CovidView.swift; sourceTree = "<group>"; };
		DEB621292759E88500DB49A5 /* CovidStatusViewController.swift */ = {isa = PBXFileReference; lastKnownFileType = sourcecode.swift; path = CovidStatusViewController.swift; sourceTree = "<group>"; };
		DEB6212E2759EA5100DB49A5 /* BaseViewController.swift */ = {isa = PBXFileReference; lastKnownFileType = sourcecode.swift; path = BaseViewController.swift; sourceTree = "<group>"; };
		DEB621342759EE2700DB49A5 /* LeftRightCell.swift */ = {isa = PBXFileReference; lastKnownFileType = sourcecode.swift; path = LeftRightCell.swift; sourceTree = "<group>"; };
		DEB621352759EE2700DB49A5 /* LeftRightCell.xib */ = {isa = PBXFileReference; lastKnownFileType = file.xib; path = LeftRightCell.xib; sourceTree = "<group>"; };
		DEB621392759F2C200DB49A5 /* LeftRightModel.swift */ = {isa = PBXFileReference; lastKnownFileType = sourcecode.swift; path = LeftRightModel.swift; sourceTree = "<group>"; };
/* End PBXFileReference section */

/* Begin PBXFrameworksBuildPhase section */
		DE5F333F27018265005F8EC3 /* Frameworks */ = {
			isa = PBXFrameworksBuildPhase;
			buildActionMask = 2147483647;
			files = (
				DE5F9E11DEA94E965C91FA33 /* Pods_Project_Setup_Demo.framework in Frameworks */,
			);
			runOnlyForDeploymentPostprocessing = 0;
		};
/* End PBXFrameworksBuildPhase section */

/* Begin PBXGroup section */
		520F623F8CB52E244482C25D /* Frameworks */ = {
			isa = PBXGroup;
			children = (
				6ED186F2B55190954383E382 /* Pods_Project_Setup_Demo.framework */,
			);
			name = Frameworks;
			sourceTree = "<group>";
		};
		D4689A7609E3D66C5EF08CC3 /* Pods */ = {
			isa = PBXGroup;
			children = (
				D6572F058FBC3220A6D570E8 /* Pods-Project Setup Demo.debug.xcconfig */,
				4820F6874A20AC2E9F972A90 /* Pods-Project Setup Demo.debugprod.xcconfig */,
				941029B779FA910B5D4B8742 /* Pods-Project Setup Demo.debugcug.xcconfig */,
				260A304926D8C661F39E8CED /* Pods-Project Setup Demo.debugpreprod.xcconfig */,
				B0CB864F2B3B9FE8CEBE1982 /* Pods-Project Setup Demo.debuguat.xcconfig */,
				C579A6E404C0CB0EC6918DED /* Pods-Project Setup Demo.release.xcconfig */,
				B9B39DE5CD6C246C5C6D0886 /* Pods-Project Setup Demo.releaseprod.xcconfig */,
				05485A775B637496F97B98FF /* Pods-Project Setup Demo.releasecug.xcconfig */,
				CCB0086220404797DF9E5BAA /* Pods-Project Setup Demo.releasepreprod.xcconfig */,
				177BF48E3FD2A7BF0E4E6DF0 /* Pods-Project Setup Demo.releaseuat.xcconfig */,
			);
			path = Pods;
			sourceTree = "<group>";
		};
		DE5F333927018265005F8EC3 = {
			isa = PBXGroup;
			children = (
				DE5F334427018265005F8EC3 /* Project Setup Demo */,
				DE5F334327018265005F8EC3 /* Products */,
				D4689A7609E3D66C5EF08CC3 /* Pods */,
				520F623F8CB52E244482C25D /* Frameworks */,
			);
			sourceTree = "<group>";
		};
		DE5F334327018265005F8EC3 /* Products */ = {
			isa = PBXGroup;
			children = (
				DE5F334227018265005F8EC3 /* Project Setup Demo.app */,
			);
			name = Products;
			sourceTree = "<group>";
		};
		DE5F334427018265005F8EC3 /* Project Setup Demo */ = {
			isa = PBXGroup;
			children = (
				DE5F337A2701889D005F8EC3 /* AppDelegate */,
				DEB621082759D16000DB49A5 /* SSL Certificate */,
				DE5F33B12701CC80005F8EC3 /* NetworkManager */,
				DE5F339527019E2A005F8EC3 /* Resources */,
				DE5F339027019D42005F8EC3 /* Extensions */,
				DE5F337C270188AA005F8EC3 /* EnvironmentSetup */,
				DE5F337E27018D54005F8EC3 /* Plist */,
				DE6B66762702D2DA00327DDB /* Architecture */,
				DE5F335327018266005F8EC3 /* Info.plist */,
				DE5F334727018265005F8EC3 /* SceneDelegate.swift */,
				DE5F334E27018266005F8EC3 /* Assets.xcassets */,
				DE5F335027018266005F8EC3 /* LaunchScreen.storyboard */,
			);
			path = "Project Setup Demo";
			sourceTree = "<group>";
		};
		DE5F337A2701889D005F8EC3 /* AppDelegate */ = {
			isa = PBXGroup;
			children = (
				DE5F334527018265005F8EC3 /* AppDelegate.swift */,
			);
			path = AppDelegate;
			sourceTree = "<group>";
		};
		DE5F337C270188AA005F8EC3 /* EnvironmentSetup */ = {
			isa = PBXGroup;
			children = (
				DE5F336A27018352005F8EC3 /* EnvironmentSetup.swift */,
			);
			path = EnvironmentSetup;
			sourceTree = "<group>";
		};
		DE5F337E27018D54005F8EC3 /* Plist */ = {
			isa = PBXGroup;
			children = (
				DE5F33A02701B984005F8EC3 /* Schemes */,
				DE5F33A12701B98F005F8EC3 /* Colors Data */,
				DE5F33A22701B9A0005F8EC3 /* Font Sizes */,
			);
			path = Plist;
			sourceTree = "<group>";
		};
		DE5F339027019D42005F8EC3 /* Extensions */ = {
			isa = PBXGroup;
			children = (
				DE5F339127019D53005F8EC3 /* Extensions.swift */,
			);
			path = Extensions;
			sourceTree = "<group>";
		};
		DE5F339527019E2A005F8EC3 /* Resources */ = {
			isa = PBXGroup;
			children = (
				DEB6212C2759EA3500DB49A5 /* Common */,
				DE5F33B72701E8BE005F8EC3 /* Utils */,
				DE5F33B92701E8C7005F8EC3 /* Constants */,
				DE5F33BB2701E8D6005F8EC3 /* Enums */,
			);
			path = Resources;
			sourceTree = "<group>";
		};
		DE5F33A02701B984005F8EC3 /* Schemes */ = {
			isa = PBXGroup;
			children = (
				DE5F337F27018D6B005F8EC3 /* UAT.plist */,
				DE5F338227018D7C005F8EC3 /* PreProd.plist */,
				DE5F338527018D88005F8EC3 /* CUG.plist */,
				DE5F338827018D91005F8EC3 /* PROD.plist */,
			);
			path = Schemes;
			sourceTree = "<group>";
		};
		DE5F33A12701B98F005F8EC3 /* Colors Data */ = {
			isa = PBXGroup;
			children = (
				DE5F338D27019C9D005F8EC3 /* ColorData.plist */,
			);
			path = "Colors Data";
			sourceTree = "<group>";
		};
		DE5F33A22701B9A0005F8EC3 /* Font Sizes */ = {
			isa = PBXGroup;
			children = (
				DE5F33A32701B9DA005F8EC3 /* iPhoneSmall.plist */,
				DE5F33A62701B9EA005F8EC3 /* iPhoneMedium.plist */,
				DE5F33A92701B9F9005F8EC3 /* iPhoneLarge.plist */,
			);
			path = "Font Sizes";
			sourceTree = "<group>";
		};
		DE5F33B12701CC80005F8EC3 /* NetworkManager */ = {
			isa = PBXGroup;
			children = (
				DE5F33AE2701CC73005F8EC3 /* ABNetworkManager.swift */,
			);
			path = NetworkManager;
			sourceTree = "<group>";
		};
		DE5F33B72701E8BE005F8EC3 /* Utils */ = {
			isa = PBXGroup;
			children = (
				DE5F339627019E3C005F8EC3 /* ABUtils.swift */,
			);
			path = Utils;
			sourceTree = "<group>";
		};
		DE5F33B92701E8C7005F8EC3 /* Constants */ = {
			isa = PBXGroup;
			children = (
				DE5F339A27019F49005F8EC3 /* ABThemeConstant.swift */,
				DE5F33C02701EA85005F8EC3 /* Constants.swift */,
			);
			path = Constants;
			sourceTree = "<group>";
		};
		DE5F33BB2701E8D6005F8EC3 /* Enums */ = {
			isa = PBXGroup;
			children = (
				DE5F33BC2701E8ED005F8EC3 /* Enums.swift */,
			);
			path = Enums;
			sourceTree = "<group>";
		};
		DE6B66762702D2DA00327DDB /* Architecture */ = {
			isa = PBXGroup;
			children = (
				DEB6211A2759E16D00DB49A5 /* MVP */,
				DE6B66782702D2EF00327DDB /* MVC */,
			);
			path = Architecture;
			sourceTree = "<group>";
		};
		DE6B66782702D2EF00327DDB /* MVC */ = {
			isa = PBXGroup;
			children = (
				DE6B66822702D89400327DDB /* Currency Price Module */,
			);
			path = MVC;
			sourceTree = "<group>";
		};
		DE6B667A2702D2F700327DDB /* Controller */ = {
			isa = PBXGroup;
			children = (
				DE5F334927018265005F8EC3 /* ViewController.swift */,
			);
			path = Controller;
			sourceTree = "<group>";
		};
		DE6B667C2702D30100327DDB /* Model */ = {
			isa = PBXGroup;
			children = (
				DE6B667F2702D35D00327DDB /* CurrencyDataModel.swift */,
			);
			path = Model;
			sourceTree = "<group>";
		};
		DE6B667D2702D30900327DDB /* View */ = {
			isa = PBXGroup;
			children = (
				DE5F334B27018265005F8EC3 /* Main.storyboard */,
			);
			path = View;
			sourceTree = "<group>";
		};
		DE6B66822702D89400327DDB /* Currency Price Module */ = {
			isa = PBXGroup;
			children = (
				DE6B667C2702D30100327DDB /* Model */,
				DE6B667D2702D30900327DDB /* View */,
				DE6B667A2702D2F700327DDB /* Controller */,
			);
			path = "Currency Price Module";
			sourceTree = "<group>";
		};
		DE97FBB5275E0AC00090E4DE /* UI */ = {
			isa = PBXGroup;
			children = (
				DEA9BE27275A184C00C66873 /* Fonts */,
				DEB621322759EDFD00DB49A5 /* Cells */,
				DEB6212D2759EA4700DB49A5 /* Controller */,
			);
			path = UI;
			sourceTree = "<group>";
		};
		DE97FBB7275E0AD20090E4DE /* Encryption Decryption Helper */ = {
			isa = PBXGroup;
			children = (
				DE97FBB8275E0AED0090E4DE /* EncryptionHelper.swift */,
				DE97FBBC275E0CC80090E4DE /* RSA */,
			);
			path = "Encryption Decryption Helper";
			sourceTree = "<group>";
		};
		DE97FBBC275E0CC80090E4DE /* RSA */ = {
			isa = PBXGroup;
			children = (
				DE97FBBD275E0CC80090E4DE /* RSAEncryption.swift */,
				DE97FBBE275E0CC80090E4DE /* RSAViewController.swift */,
			);
			path = RSA;
			sourceTree = "<group>";
		};
		DEA9BE27275A184C00C66873 /* Fonts */ = {
			isa = PBXGroup;
			children = (
				DEA9BE28275A186700C66873 /* Fuzzy_Bubbles */,
			);
			path = Fonts;
			sourceTree = "<group>";
		};
		DEA9BE28275A186700C66873 /* Fuzzy_Bubbles */ = {
			isa = PBXGroup;
			children = (
				DEA9BE29275A186700C66873 /* FuzzyBubbles-Bold.ttf */,
				DEA9BE2A275A186700C66873 /* FuzzyBubbles-Regular.ttf */,
				DEA9BE2B275A186700C66873 /* OFL.txt */,
			);
			path = Fuzzy_Bubbles;
			sourceTree = "<group>";
		};
		DEB621082759D16000DB49A5 /* SSL Certificate */ = {
			isa = PBXGroup;
			children = (
				DEB621092759D1CF00DB49A5 /* www.google.co.uk.cer */,
			);
			path = "SSL Certificate";
			sourceTree = "<group>";
		};
		DEB6211A2759E16D00DB49A5 /* MVP */ = {
			isa = PBXGroup;
			children = (
				DEB6211C2759E22700DB49A5 /* Covid Test Module */,
			);
			path = MVP;
			sourceTree = "<group>";
		};
		DEB6211C2759E22700DB49A5 /* Covid Test Module */ = {
			isa = PBXGroup;
			children = (
				DEB6211D2759E29600DB49A5 /* Model */,
				DEB6211E2759E29C00DB49A5 /* View */,
				DEB6211F2759E2A000DB49A5 /* Presenter */,
			);
			path = "Covid Test Module";
			sourceTree = "<group>";
		};
		DEB6211D2759E29600DB49A5 /* Model */ = {
			isa = PBXGroup;
			children = (
				DEB621202759E2BA00DB49A5 /* CovidDataModel.swift */,
			);
			path = Model;
			sourceTree = "<group>";
		};
		DEB6211E2759E29C00DB49A5 /* View */ = {
			isa = PBXGroup;
			children = (
				DEB621262759E82100DB49A5 /* CovidView.swift */,
				DEB621292759E88500DB49A5 /* CovidStatusViewController.swift */,
			);
			path = View;
			sourceTree = "<group>";
		};
		DEB6211F2759E2A000DB49A5 /* Presenter */ = {
			isa = PBXGroup;
			children = (
				DEB621232759E2F100DB49A5 /* CovidPresenter.swift */,
			);
			path = Presenter;
			sourceTree = "<group>";
		};
		DEB6212C2759EA3500DB49A5 /* Common */ = {
			isa = PBXGroup;
			children = (
				DE97FBB7275E0AD20090E4DE /* Encryption Decryption Helper */,
				DE97FBB5275E0AC00090E4DE /* UI */,
			);
			path = Common;
			sourceTree = "<group>";
		};
		DEB6212D2759EA4700DB49A5 /* Controller */ = {
			isa = PBXGroup;
			children = (
				DEB6212E2759EA5100DB49A5 /* BaseViewController.swift */,
			);
			path = Controller;
			sourceTree = "<group>";
		};
		DEB621322759EDFD00DB49A5 /* Cells */ = {
			isa = PBXGroup;
			children = (
				DEB621332759EE0800DB49A5 /* LeftRightLabel */,
			);
			path = Cells;
			sourceTree = "<group>";
		};
		DEB621332759EE0800DB49A5 /* LeftRightLabel */ = {
			isa = PBXGroup;
			children = (
				DEB621342759EE2700DB49A5 /* LeftRightCell.swift */,
				DEB621352759EE2700DB49A5 /* LeftRightCell.xib */,
				DEB621392759F2C200DB49A5 /* LeftRightModel.swift */,
			);
			path = LeftRightLabel;
			sourceTree = "<group>";
		};
/* End PBXGroup section */

/* Begin PBXNativeTarget section */
		DE5F334127018265005F8EC3 /* Project Setup Demo */ = {
			isa = PBXNativeTarget;
			buildConfigurationList = DE5F335627018266005F8EC3 /* Build configuration list for PBXNativeTarget "Project Setup Demo" */;
			buildPhases = (
				DFEF33D80641F049088522D8 /* [CP] Check Pods Manifest.lock */,
				DE5F333E27018265005F8EC3 /* Sources */,
				DE5F333F27018265005F8EC3 /* Frameworks */,
				DE5F334027018265005F8EC3 /* Resources */,
				0BA22D3C274DC3D2E1F8F0C9 /* [CP] Embed Pods Frameworks */,
			);
			buildRules = (
			);
			dependencies = (
			);
			name = "Project Setup Demo";
			productName = "Project Setup Demo";
			productReference = DE5F334227018265005F8EC3 /* Project Setup Demo.app */;
			productType = "com.apple.product-type.application";
		};
/* End PBXNativeTarget section */

/* Begin PBXProject section */
		DE5F333A27018265005F8EC3 /* Project object */ = {
			isa = PBXProject;
			attributes = {
				LastSwiftUpdateCheck = 1230;
				LastUpgradeCheck = 1230;
				TargetAttributes = {
					DE5F334127018265005F8EC3 = {
						CreatedOnToolsVersion = 12.3;
					};
				};
			};
			buildConfigurationList = DE5F333D27018265005F8EC3 /* Build configuration list for PBXProject "Project Setup Demo" */;
			compatibilityVersion = "Xcode 9.3";
			developmentRegion = en;
			hasScannedForEncodings = 0;
			knownRegions = (
				en,
				Base,
			);
			mainGroup = DE5F333927018265005F8EC3;
			productRefGroup = DE5F334327018265005F8EC3 /* Products */;
			projectDirPath = "";
			projectRoot = "";
			targets = (
				DE5F334127018265005F8EC3 /* Project Setup Demo */,
			);
		};
/* End PBXProject section */

/* Begin PBXResourcesBuildPhase section */
		DE5F334027018265005F8EC3 /* Resources */ = {
			isa = PBXResourcesBuildPhase;
			buildActionMask = 2147483647;
			files = (
				DE5F338327018D7C005F8EC3 /* PreProd.plist in Resources */,
				DE5F335227018266005F8EC3 /* LaunchScreen.storyboard in Resources */,
				DE5F338E27019C9D005F8EC3 /* ColorData.plist in Resources */,
				DE5F338627018D88005F8EC3 /* CUG.plist in Resources */,
				DEA9BE2C275A186700C66873 /* FuzzyBubbles-Bold.ttf in Resources */,
				DEA9BE2D275A186700C66873 /* FuzzyBubbles-Regular.ttf in Resources */,
				DEA9BE2E275A186700C66873 /* OFL.txt in Resources */,
				DEB621372759EE2700DB49A5 /* LeftRightCell.xib in Resources */,
				DE5F33A42701B9DA005F8EC3 /* iPhoneSmall.plist in Resources */,
				DE5F338927018D91005F8EC3 /* PROD.plist in Resources */,
				DE5F338027018D6B005F8EC3 /* UAT.plist in Resources */,
				DE5F334F27018266005F8EC3 /* Assets.xcassets in Resources */,
				DE5F33A72701B9EA005F8EC3 /* iPhoneMedium.plist in Resources */,
				DE5F334D27018265005F8EC3 /* Main.storyboard in Resources */,
				DEB6210A2759D1CF00DB49A5 /* www.google.co.uk.cer in Resources */,
				DE5F33AA2701B9F9005F8EC3 /* iPhoneLarge.plist in Resources */,
			);
			runOnlyForDeploymentPostprocessing = 0;
		};
/* End PBXResourcesBuildPhase section */

/* Begin PBXShellScriptBuildPhase section */
		0BA22D3C274DC3D2E1F8F0C9 /* [CP] Embed Pods Frameworks */ = {
			isa = PBXShellScriptBuildPhase;
			buildActionMask = 2147483647;
			files = (
			);
			inputFileListPaths = (
				"${PODS_ROOT}/Target Support Files/Pods-Project Setup Demo/Pods-Project Setup Demo-frameworks-${CONFIGURATION}-input-files.xcfilelist",
			);
			name = "[CP] Embed Pods Frameworks";
			outputFileListPaths = (
				"${PODS_ROOT}/Target Support Files/Pods-Project Setup Demo/Pods-Project Setup Demo-frameworks-${CONFIGURATION}-output-files.xcfilelist",
			);
			runOnlyForDeploymentPostprocessing = 0;
			shellPath = /bin/sh;
			shellScript = "\"${PODS_ROOT}/Target Support Files/Pods-Project Setup Demo/Pods-Project Setup Demo-frameworks.sh\"\n";
			showEnvVarsInLog = 0;
		};
		DFEF33D80641F049088522D8 /* [CP] Check Pods Manifest.lock */ = {
			isa = PBXShellScriptBuildPhase;
			buildActionMask = 2147483647;
			files = (
			);
			inputFileListPaths = (
			);
			inputPaths = (
				"${PODS_PODFILE_DIR_PATH}/Podfile.lock",
				"${PODS_ROOT}/Manifest.lock",
			);
			name = "[CP] Check Pods Manifest.lock";
			outputFileListPaths = (
			);
			outputPaths = (
				"$(DERIVED_FILE_DIR)/Pods-Project Setup Demo-checkManifestLockResult.txt",
			);
			runOnlyForDeploymentPostprocessing = 0;
			shellPath = /bin/sh;
			shellScript = "diff \"${PODS_PODFILE_DIR_PATH}/Podfile.lock\" \"${PODS_ROOT}/Manifest.lock\" > /dev/null\nif [ $? != 0 ] ; then\n    # print error to STDERR\n    echo \"error: The sandbox is not in sync with the Podfile.lock. Run 'pod install' or update your CocoaPods installation.\" >&2\n    exit 1\nfi\n# This output is used by Xcode 'outputs' to avoid re-running this script phase.\necho \"SUCCESS\" > \"${SCRIPT_OUTPUT_FILE_0}\"\n";
			showEnvVarsInLog = 0;
		};
/* End PBXShellScriptBuildPhase section */

/* Begin PBXSourcesBuildPhase section */
		DE5F333E27018265005F8EC3 /* Sources */ = {
			isa = PBXSourcesBuildPhase;
			buildActionMask = 2147483647;
			files = (
				DEB621272759E82100DB49A5 /* CovidView.swift in Sources */,
				DE5F339227019D53005F8EC3 /* Extensions.swift in Sources */,
				DE97FBB9275E0AED0090E4DE /* EncryptionHelper.swift in Sources */,
				DE97FBBF275E0CC80090E4DE /* RSAEncryption.swift in Sources */,
				DEB6212A2759E88500DB49A5 /* CovidStatusViewController.swift in Sources */,
				DE6B66802702D35D00327DDB /* CurrencyDataModel.swift in Sources */,
				DE5F33AF2701CC73005F8EC3 /* ABNetworkManager.swift in Sources */,
				DE5F339B27019F49005F8EC3 /* ABThemeConstant.swift in Sources */,
				DE5F334A27018265005F8EC3 /* ViewController.swift in Sources */,
				DE5F334627018265005F8EC3 /* AppDelegate.swift in Sources */,
				DE5F33C12701EA85005F8EC3 /* Constants.swift in Sources */,
				DE5F334827018265005F8EC3 /* SceneDelegate.swift in Sources */,
				DE5F339727019E3C005F8EC3 /* ABUtils.swift in Sources */,
				DEB6213A2759F2C200DB49A5 /* LeftRightModel.swift in Sources */,
				DEB621362759EE2700DB49A5 /* LeftRightCell.swift in Sources */,
				DE5F33BD2701E8EE005F8EC3 /* Enums.swift in Sources */,
				DE5F336B27018352005F8EC3 /* EnvironmentSetup.swift in Sources */,
				DEB6212F2759EA5100DB49A5 /* BaseViewController.swift in Sources */,
				DE97FBC0275E0CC80090E4DE /* RSAViewController.swift in Sources */,
				DEB621212759E2BA00DB49A5 /* CovidDataModel.swift in Sources */,
				DEB621242759E2F100DB49A5 /* CovidPresenter.swift in Sources */,
			);
			runOnlyForDeploymentPostprocessing = 0;
		};
/* End PBXSourcesBuildPhase section */

/* Begin PBXVariantGroup section */
		DE5F334B27018265005F8EC3 /* Main.storyboard */ = {
			isa = PBXVariantGroup;
			children = (
				DE5F334C27018265005F8EC3 /* Base */,
			);
			name = Main.storyboard;
			sourceTree = "<group>";
		};
		DE5F335027018266005F8EC3 /* LaunchScreen.storyboard */ = {
			isa = PBXVariantGroup;
			children = (
				DE5F335127018266005F8EC3 /* Base */,
			);
			name = LaunchScreen.storyboard;
			sourceTree = "<group>";
		};
/* End PBXVariantGroup section */

/* Begin XCBuildConfiguration section */
		DE5F335427018266005F8EC3 /* Debug */ = {
			isa = XCBuildConfiguration;
			buildSettings = {
				ALWAYS_SEARCH_USER_PATHS = NO;
				CLANG_ANALYZER_NONNULL = YES;
				CLANG_ANALYZER_NUMBER_OBJECT_CONVERSION = YES_AGGRESSIVE;
				CLANG_CXX_LANGUAGE_STANDARD = "gnu++14";
				CLANG_CXX_LIBRARY = "libc++";
				CLANG_ENABLE_MODULES = YES;
				CLANG_ENABLE_OBJC_ARC = YES;
				CLANG_ENABLE_OBJC_WEAK = YES;
				CLANG_WARN_BLOCK_CAPTURE_AUTORELEASING = YES;
				CLANG_WARN_BOOL_CONVERSION = YES;
				CLANG_WARN_COMMA = YES;
				CLANG_WARN_CONSTANT_CONVERSION = YES;
				CLANG_WARN_DEPRECATED_OBJC_IMPLEMENTATIONS = YES;
				CLANG_WARN_DIRECT_OBJC_ISA_USAGE = YES_ERROR;
				CLANG_WARN_DOCUMENTATION_COMMENTS = YES;
				CLANG_WARN_EMPTY_BODY = YES;
				CLANG_WARN_ENUM_CONVERSION = YES;
				CLANG_WARN_INFINITE_RECURSION = YES;
				CLANG_WARN_INT_CONVERSION = YES;
				CLANG_WARN_NON_LITERAL_NULL_CONVERSION = YES;
				CLANG_WARN_OBJC_IMPLICIT_RETAIN_SELF = YES;
				CLANG_WARN_OBJC_LITERAL_CONVERSION = YES;
				CLANG_WARN_OBJC_ROOT_CLASS = YES_ERROR;
				CLANG_WARN_QUOTED_INCLUDE_IN_FRAMEWORK_HEADER = YES;
				CLANG_WARN_RANGE_LOOP_ANALYSIS = YES;
				CLANG_WARN_STRICT_PROTOTYPES = YES;
				CLANG_WARN_SUSPICIOUS_MOVE = YES;
				CLANG_WARN_UNGUARDED_AVAILABILITY = YES_AGGRESSIVE;
				CLANG_WARN_UNREACHABLE_CODE = YES;
				CLANG_WARN__DUPLICATE_METHOD_MATCH = YES;
				COPY_PHASE_STRIP = NO;
				DEBUG_INFORMATION_FORMAT = dwarf;
				ENABLE_STRICT_OBJC_MSGSEND = YES;
				ENABLE_TESTABILITY = YES;
				GCC_C_LANGUAGE_STANDARD = gnu11;
				GCC_DYNAMIC_NO_PIC = NO;
				GCC_NO_COMMON_BLOCKS = YES;
				GCC_OPTIMIZATION_LEVEL = 0;
				GCC_PREPROCESSOR_DEFINITIONS = (
					"DEBUG=1",
					"$(inherited)",
				);
				GCC_WARN_64_TO_32_BIT_CONVERSION = YES;
				GCC_WARN_ABOUT_RETURN_TYPE = YES_ERROR;
				GCC_WARN_UNDECLARED_SELECTOR = YES;
				GCC_WARN_UNINITIALIZED_AUTOS = YES_AGGRESSIVE;
				GCC_WARN_UNUSED_FUNCTION = YES;
				GCC_WARN_UNUSED_VARIABLE = YES;
				IPHONEOS_DEPLOYMENT_TARGET = 14.3;
				MTL_ENABLE_DEBUG_INFO = INCLUDE_SOURCE;
				MTL_FAST_MATH = YES;
				ONLY_ACTIVE_ARCH = YES;
				SDKROOT = iphoneos;
				SWIFT_ACTIVE_COMPILATION_CONDITIONS = DEBUG;
				SWIFT_OPTIMIZATION_LEVEL = "-Onone";
			};
			name = Debug;
		};
		DE5F335527018266005F8EC3 /* Release */ = {
			isa = XCBuildConfiguration;
			buildSettings = {
				ALWAYS_SEARCH_USER_PATHS = NO;
				CLANG_ANALYZER_NONNULL = YES;
				CLANG_ANALYZER_NUMBER_OBJECT_CONVERSION = YES_AGGRESSIVE;
				CLANG_CXX_LANGUAGE_STANDARD = "gnu++14";
				CLANG_CXX_LIBRARY = "libc++";
				CLANG_ENABLE_MODULES = YES;
				CLANG_ENABLE_OBJC_ARC = YES;
				CLANG_ENABLE_OBJC_WEAK = YES;
				CLANG_WARN_BLOCK_CAPTURE_AUTORELEASING = YES;
				CLANG_WARN_BOOL_CONVERSION = YES;
				CLANG_WARN_COMMA = YES;
				CLANG_WARN_CONSTANT_CONVERSION = YES;
				CLANG_WARN_DEPRECATED_OBJC_IMPLEMENTATIONS = YES;
				CLANG_WARN_DIRECT_OBJC_ISA_USAGE = YES_ERROR;
				CLANG_WARN_DOCUMENTATION_COMMENTS = YES;
				CLANG_WARN_EMPTY_BODY = YES;
				CLANG_WARN_ENUM_CONVERSION = YES;
				CLANG_WARN_INFINITE_RECURSION = YES;
				CLANG_WARN_INT_CONVERSION = YES;
				CLANG_WARN_NON_LITERAL_NULL_CONVERSION = YES;
				CLANG_WARN_OBJC_IMPLICIT_RETAIN_SELF = YES;
				CLANG_WARN_OBJC_LITERAL_CONVERSION = YES;
				CLANG_WARN_OBJC_ROOT_CLASS = YES_ERROR;
				CLANG_WARN_QUOTED_INCLUDE_IN_FRAMEWORK_HEADER = YES;
				CLANG_WARN_RANGE_LOOP_ANALYSIS = YES;
				CLANG_WARN_STRICT_PROTOTYPES = YES;
				CLANG_WARN_SUSPICIOUS_MOVE = YES;
				CLANG_WARN_UNGUARDED_AVAILABILITY = YES_AGGRESSIVE;
				CLANG_WARN_UNREACHABLE_CODE = YES;
				CLANG_WARN__DUPLICATE_METHOD_MATCH = YES;
				COPY_PHASE_STRIP = NO;
				DEBUG_INFORMATION_FORMAT = "dwarf-with-dsym";
				ENABLE_NS_ASSERTIONS = NO;
				ENABLE_STRICT_OBJC_MSGSEND = YES;
				GCC_C_LANGUAGE_STANDARD = gnu11;
				GCC_NO_COMMON_BLOCKS = YES;
				GCC_WARN_64_TO_32_BIT_CONVERSION = YES;
				GCC_WARN_ABOUT_RETURN_TYPE = YES_ERROR;
				GCC_WARN_UNDECLARED_SELECTOR = YES;
				GCC_WARN_UNINITIALIZED_AUTOS = YES_AGGRESSIVE;
				GCC_WARN_UNUSED_FUNCTION = YES;
				GCC_WARN_UNUSED_VARIABLE = YES;
				IPHONEOS_DEPLOYMENT_TARGET = 14.3;
				MTL_ENABLE_DEBUG_INFO = NO;
				MTL_FAST_MATH = YES;
				SDKROOT = iphoneos;
				SWIFT_COMPILATION_MODE = wholemodule;
				SWIFT_OPTIMIZATION_LEVEL = "-O";
				VALIDATE_PRODUCT = YES;
			};
			name = Release;
		};
		DE5F335727018266005F8EC3 /* Debug */ = {
			isa = XCBuildConfiguration;
			baseConfigurationReference = D6572F058FBC3220A6D570E8 /* Pods-Project Setup Demo.debug.xcconfig */;
			buildSettings = {
				ASSETCATALOG_COMPILER_APPICON_NAME = AppIcon;
				ASSETCATALOG_COMPILER_GLOBAL_ACCENT_COLOR_NAME = AccentColor;
				CODE_SIGN_STYLE = Automatic;
				INFOPLIST_FILE = "Project Setup Demo/Info.plist";
				IPHONEOS_DEPLOYMENT_TARGET = 13.0;
				LD_RUNPATH_SEARCH_PATHS = (
					"$(inherited)",
					"@executable_path/Frameworks",
				);
				PRODUCT_BUNDLE_IDENTIFIER = "com.adwait.Project-Setup-Demo";
				PRODUCT_NAME = "$(TARGET_NAME)";
				SWIFT_ACTIVE_COMPILATION_CONDITIONS = UAT;
				SWIFT_VERSION = 5.0;
				TARGETED_DEVICE_FAMILY = 1;
			};
			name = Debug;
		};
		DE5F335827018266005F8EC3 /* Release */ = {
			isa = XCBuildConfiguration;
			baseConfigurationReference = C579A6E404C0CB0EC6918DED /* Pods-Project Setup Demo.release.xcconfig */;
			buildSettings = {
				ASSETCATALOG_COMPILER_APPICON_NAME = AppIcon;
				ASSETCATALOG_COMPILER_GLOBAL_ACCENT_COLOR_NAME = AccentColor;
				CODE_SIGN_STYLE = Automatic;
				INFOPLIST_FILE = "Project Setup Demo/Info.plist";
				IPHONEOS_DEPLOYMENT_TARGET = 13.0;
				LD_RUNPATH_SEARCH_PATHS = (
					"$(inherited)",
					"@executable_path/Frameworks",
				);
				PRODUCT_BUNDLE_IDENTIFIER = "com.adwait.Project-Setup-Demo";
				PRODUCT_NAME = "$(TARGET_NAME)";
				SWIFT_ACTIVE_COMPILATION_CONDITIONS = UAT;
				SWIFT_VERSION = 5.0;
				TARGETED_DEVICE_FAMILY = 1;
			};
			name = Release;
		};
		DE5F335A2701829C005F8EC3 /* DebugUAT */ = {
			isa = XCBuildConfiguration;
			buildSettings = {
				ALWAYS_SEARCH_USER_PATHS = NO;
				CLANG_ANALYZER_NONNULL = YES;
				CLANG_ANALYZER_NUMBER_OBJECT_CONVERSION = YES_AGGRESSIVE;
				CLANG_CXX_LANGUAGE_STANDARD = "gnu++14";
				CLANG_CXX_LIBRARY = "libc++";
				CLANG_ENABLE_MODULES = YES;
				CLANG_ENABLE_OBJC_ARC = YES;
				CLANG_ENABLE_OBJC_WEAK = YES;
				CLANG_WARN_BLOCK_CAPTURE_AUTORELEASING = YES;
				CLANG_WARN_BOOL_CONVERSION = YES;
				CLANG_WARN_COMMA = YES;
				CLANG_WARN_CONSTANT_CONVERSION = YES;
				CLANG_WARN_DEPRECATED_OBJC_IMPLEMENTATIONS = YES;
				CLANG_WARN_DIRECT_OBJC_ISA_USAGE = YES_ERROR;
				CLANG_WARN_DOCUMENTATION_COMMENTS = YES;
				CLANG_WARN_EMPTY_BODY = YES;
				CLANG_WARN_ENUM_CONVERSION = YES;
				CLANG_WARN_INFINITE_RECURSION = YES;
				CLANG_WARN_INT_CONVERSION = YES;
				CLANG_WARN_NON_LITERAL_NULL_CONVERSION = YES;
				CLANG_WARN_OBJC_IMPLICIT_RETAIN_SELF = YES;
				CLANG_WARN_OBJC_LITERAL_CONVERSION = YES;
				CLANG_WARN_OBJC_ROOT_CLASS = YES_ERROR;
				CLANG_WARN_QUOTED_INCLUDE_IN_FRAMEWORK_HEADER = YES;
				CLANG_WARN_RANGE_LOOP_ANALYSIS = YES;
				CLANG_WARN_STRICT_PROTOTYPES = YES;
				CLANG_WARN_SUSPICIOUS_MOVE = YES;
				CLANG_WARN_UNGUARDED_AVAILABILITY = YES_AGGRESSIVE;
				CLANG_WARN_UNREACHABLE_CODE = YES;
				CLANG_WARN__DUPLICATE_METHOD_MATCH = YES;
				COPY_PHASE_STRIP = NO;
				DEBUG_INFORMATION_FORMAT = dwarf;
				ENABLE_STRICT_OBJC_MSGSEND = YES;
				ENABLE_TESTABILITY = YES;
				GCC_C_LANGUAGE_STANDARD = gnu11;
				GCC_DYNAMIC_NO_PIC = NO;
				GCC_NO_COMMON_BLOCKS = YES;
				GCC_OPTIMIZATION_LEVEL = 0;
				GCC_PREPROCESSOR_DEFINITIONS = (
					"DEBUG=1",
					"$(inherited)",
				);
				GCC_WARN_64_TO_32_BIT_CONVERSION = YES;
				GCC_WARN_ABOUT_RETURN_TYPE = YES_ERROR;
				GCC_WARN_UNDECLARED_SELECTOR = YES;
				GCC_WARN_UNINITIALIZED_AUTOS = YES_AGGRESSIVE;
				GCC_WARN_UNUSED_FUNCTION = YES;
				GCC_WARN_UNUSED_VARIABLE = YES;
				IPHONEOS_DEPLOYMENT_TARGET = 14.3;
				MTL_ENABLE_DEBUG_INFO = INCLUDE_SOURCE;
				MTL_FAST_MATH = YES;
				ONLY_ACTIVE_ARCH = YES;
				SDKROOT = iphoneos;
				SWIFT_ACTIVE_COMPILATION_CONDITIONS = DEBUG;
				SWIFT_OPTIMIZATION_LEVEL = "-Onone";
			};
			name = DebugUAT;
		};
		DE5F335B2701829C005F8EC3 /* DebugUAT */ = {
			isa = XCBuildConfiguration;
			baseConfigurationReference = B0CB864F2B3B9FE8CEBE1982 /* Pods-Project Setup Demo.debuguat.xcconfig */;
			buildSettings = {
				ASSETCATALOG_COMPILER_APPICON_NAME = AppIcon;
				ASSETCATALOG_COMPILER_GLOBAL_ACCENT_COLOR_NAME = AccentColor;
				CODE_SIGN_STYLE = Automatic;
				INFOPLIST_FILE = "Project Setup Demo/Info.plist";
				IPHONEOS_DEPLOYMENT_TARGET = 13.0;
				LD_RUNPATH_SEARCH_PATHS = (
					"$(inherited)",
					"@executable_path/Frameworks",
				);
				PRODUCT_BUNDLE_IDENTIFIER = "com.adwait.Project-Setup-Demo";
				PRODUCT_NAME = "$(TARGET_NAME)";
				SWIFT_ACTIVE_COMPILATION_CONDITIONS = UAT;
				SWIFT_VERSION = 5.0;
				TARGETED_DEVICE_FAMILY = 1;
			};
			name = DebugUAT;
		};
		DE5F335C270182AC005F8EC3 /* ReleaseUAT */ = {
			isa = XCBuildConfiguration;
			buildSettings = {
				ALWAYS_SEARCH_USER_PATHS = NO;
				CLANG_ANALYZER_NONNULL = YES;
				CLANG_ANALYZER_NUMBER_OBJECT_CONVERSION = YES_AGGRESSIVE;
				CLANG_CXX_LANGUAGE_STANDARD = "gnu++14";
				CLANG_CXX_LIBRARY = "libc++";
				CLANG_ENABLE_MODULES = YES;
				CLANG_ENABLE_OBJC_ARC = YES;
				CLANG_ENABLE_OBJC_WEAK = YES;
				CLANG_WARN_BLOCK_CAPTURE_AUTORELEASING = YES;
				CLANG_WARN_BOOL_CONVERSION = YES;
				CLANG_WARN_COMMA = YES;
				CLANG_WARN_CONSTANT_CONVERSION = YES;
				CLANG_WARN_DEPRECATED_OBJC_IMPLEMENTATIONS = YES;
				CLANG_WARN_DIRECT_OBJC_ISA_USAGE = YES_ERROR;
				CLANG_WARN_DOCUMENTATION_COMMENTS = YES;
				CLANG_WARN_EMPTY_BODY = YES;
				CLANG_WARN_ENUM_CONVERSION = YES;
				CLANG_WARN_INFINITE_RECURSION = YES;
				CLANG_WARN_INT_CONVERSION = YES;
				CLANG_WARN_NON_LITERAL_NULL_CONVERSION = YES;
				CLANG_WARN_OBJC_IMPLICIT_RETAIN_SELF = YES;
				CLANG_WARN_OBJC_LITERAL_CONVERSION = YES;
				CLANG_WARN_OBJC_ROOT_CLASS = YES_ERROR;
				CLANG_WARN_QUOTED_INCLUDE_IN_FRAMEWORK_HEADER = YES;
				CLANG_WARN_RANGE_LOOP_ANALYSIS = YES;
				CLANG_WARN_STRICT_PROTOTYPES = YES;
				CLANG_WARN_SUSPICIOUS_MOVE = YES;
				CLANG_WARN_UNGUARDED_AVAILABILITY = YES_AGGRESSIVE;
				CLANG_WARN_UNREACHABLE_CODE = YES;
				CLANG_WARN__DUPLICATE_METHOD_MATCH = YES;
				COPY_PHASE_STRIP = NO;
				DEBUG_INFORMATION_FORMAT = "dwarf-with-dsym";
				ENABLE_NS_ASSERTIONS = NO;
				ENABLE_STRICT_OBJC_MSGSEND = YES;
				GCC_C_LANGUAGE_STANDARD = gnu11;
				GCC_NO_COMMON_BLOCKS = YES;
				GCC_WARN_64_TO_32_BIT_CONVERSION = YES;
				GCC_WARN_ABOUT_RETURN_TYPE = YES_ERROR;
				GCC_WARN_UNDECLARED_SELECTOR = YES;
				GCC_WARN_UNINITIALIZED_AUTOS = YES_AGGRESSIVE;
				GCC_WARN_UNUSED_FUNCTION = YES;
				GCC_WARN_UNUSED_VARIABLE = YES;
				IPHONEOS_DEPLOYMENT_TARGET = 14.3;
				MTL_ENABLE_DEBUG_INFO = NO;
				MTL_FAST_MATH = YES;
				SDKROOT = iphoneos;
				SWIFT_COMPILATION_MODE = wholemodule;
				SWIFT_OPTIMIZATION_LEVEL = "-O";
				VALIDATE_PRODUCT = YES;
			};
			name = ReleaseUAT;
		};
		DE5F335D270182AC005F8EC3 /* ReleaseUAT */ = {
			isa = XCBuildConfiguration;
			baseConfigurationReference = 177BF48E3FD2A7BF0E4E6DF0 /* Pods-Project Setup Demo.releaseuat.xcconfig */;
			buildSettings = {
				ASSETCATALOG_COMPILER_APPICON_NAME = AppIcon;
				ASSETCATALOG_COMPILER_GLOBAL_ACCENT_COLOR_NAME = AccentColor;
				CODE_SIGN_STYLE = Automatic;
				INFOPLIST_FILE = "Project Setup Demo/Info.plist";
				IPHONEOS_DEPLOYMENT_TARGET = 13.0;
				LD_RUNPATH_SEARCH_PATHS = (
					"$(inherited)",
					"@executable_path/Frameworks",
				);
				PRODUCT_BUNDLE_IDENTIFIER = "com.adwait.Project-Setup-Demo";
				PRODUCT_NAME = "$(TARGET_NAME)";
				SWIFT_ACTIVE_COMPILATION_CONDITIONS = UAT;
				SWIFT_VERSION = 5.0;
				TARGETED_DEVICE_FAMILY = 1;
			};
			name = ReleaseUAT;
		};
		DE5F335E270182B4005F8EC3 /* DebugPreProd */ = {
			isa = XCBuildConfiguration;
			buildSettings = {
				ALWAYS_SEARCH_USER_PATHS = NO;
				CLANG_ANALYZER_NONNULL = YES;
				CLANG_ANALYZER_NUMBER_OBJECT_CONVERSION = YES_AGGRESSIVE;
				CLANG_CXX_LANGUAGE_STANDARD = "gnu++14";
				CLANG_CXX_LIBRARY = "libc++";
				CLANG_ENABLE_MODULES = YES;
				CLANG_ENABLE_OBJC_ARC = YES;
				CLANG_ENABLE_OBJC_WEAK = YES;
				CLANG_WARN_BLOCK_CAPTURE_AUTORELEASING = YES;
				CLANG_WARN_BOOL_CONVERSION = YES;
				CLANG_WARN_COMMA = YES;
				CLANG_WARN_CONSTANT_CONVERSION = YES;
				CLANG_WARN_DEPRECATED_OBJC_IMPLEMENTATIONS = YES;
				CLANG_WARN_DIRECT_OBJC_ISA_USAGE = YES_ERROR;
				CLANG_WARN_DOCUMENTATION_COMMENTS = YES;
				CLANG_WARN_EMPTY_BODY = YES;
				CLANG_WARN_ENUM_CONVERSION = YES;
				CLANG_WARN_INFINITE_RECURSION = YES;
				CLANG_WARN_INT_CONVERSION = YES;
				CLANG_WARN_NON_LITERAL_NULL_CONVERSION = YES;
				CLANG_WARN_OBJC_IMPLICIT_RETAIN_SELF = YES;
				CLANG_WARN_OBJC_LITERAL_CONVERSION = YES;
				CLANG_WARN_OBJC_ROOT_CLASS = YES_ERROR;
				CLANG_WARN_QUOTED_INCLUDE_IN_FRAMEWORK_HEADER = YES;
				CLANG_WARN_RANGE_LOOP_ANALYSIS = YES;
				CLANG_WARN_STRICT_PROTOTYPES = YES;
				CLANG_WARN_SUSPICIOUS_MOVE = YES;
				CLANG_WARN_UNGUARDED_AVAILABILITY = YES_AGGRESSIVE;
				CLANG_WARN_UNREACHABLE_CODE = YES;
				CLANG_WARN__DUPLICATE_METHOD_MATCH = YES;
				COPY_PHASE_STRIP = NO;
				DEBUG_INFORMATION_FORMAT = dwarf;
				ENABLE_STRICT_OBJC_MSGSEND = YES;
				ENABLE_TESTABILITY = YES;
				GCC_C_LANGUAGE_STANDARD = gnu11;
				GCC_DYNAMIC_NO_PIC = NO;
				GCC_NO_COMMON_BLOCKS = YES;
				GCC_OPTIMIZATION_LEVEL = 0;
				GCC_PREPROCESSOR_DEFINITIONS = (
					"DEBUG=1",
					"$(inherited)",
				);
				GCC_WARN_64_TO_32_BIT_CONVERSION = YES;
				GCC_WARN_ABOUT_RETURN_TYPE = YES_ERROR;
				GCC_WARN_UNDECLARED_SELECTOR = YES;
				GCC_WARN_UNINITIALIZED_AUTOS = YES_AGGRESSIVE;
				GCC_WARN_UNUSED_FUNCTION = YES;
				GCC_WARN_UNUSED_VARIABLE = YES;
				IPHONEOS_DEPLOYMENT_TARGET = 14.3;
				MTL_ENABLE_DEBUG_INFO = INCLUDE_SOURCE;
				MTL_FAST_MATH = YES;
				ONLY_ACTIVE_ARCH = YES;
				SDKROOT = iphoneos;
				SWIFT_ACTIVE_COMPILATION_CONDITIONS = DEBUG;
				SWIFT_OPTIMIZATION_LEVEL = "-Onone";
			};
			name = DebugPreProd;
		};
		DE5F335F270182B4005F8EC3 /* DebugPreProd */ = {
			isa = XCBuildConfiguration;
			baseConfigurationReference = 260A304926D8C661F39E8CED /* Pods-Project Setup Demo.debugpreprod.xcconfig */;
			buildSettings = {
				ASSETCATALOG_COMPILER_APPICON_NAME = AppIcon;
				ASSETCATALOG_COMPILER_GLOBAL_ACCENT_COLOR_NAME = AccentColor;
				CODE_SIGN_STYLE = Automatic;
				INFOPLIST_FILE = "Project Setup Demo/Info.plist";
				IPHONEOS_DEPLOYMENT_TARGET = 13.0;
				LD_RUNPATH_SEARCH_PATHS = (
					"$(inherited)",
					"@executable_path/Frameworks",
				);
				PRODUCT_BUNDLE_IDENTIFIER = "com.adwait.Project-Setup-Demo";
				PRODUCT_NAME = "$(TARGET_NAME)";
				SWIFT_ACTIVE_COMPILATION_CONDITIONS = PreProd;
				SWIFT_VERSION = 5.0;
				TARGETED_DEVICE_FAMILY = 1;
			};
			name = DebugPreProd;
		};
		DE5F3360270182C0005F8EC3 /* ReleasePreProd */ = {
			isa = XCBuildConfiguration;
			buildSettings = {
				ALWAYS_SEARCH_USER_PATHS = NO;
				CLANG_ANALYZER_NONNULL = YES;
				CLANG_ANALYZER_NUMBER_OBJECT_CONVERSION = YES_AGGRESSIVE;
				CLANG_CXX_LANGUAGE_STANDARD = "gnu++14";
				CLANG_CXX_LIBRARY = "libc++";
				CLANG_ENABLE_MODULES = YES;
				CLANG_ENABLE_OBJC_ARC = YES;
				CLANG_ENABLE_OBJC_WEAK = YES;
				CLANG_WARN_BLOCK_CAPTURE_AUTORELEASING = YES;
				CLANG_WARN_BOOL_CONVERSION = YES;
				CLANG_WARN_COMMA = YES;
				CLANG_WARN_CONSTANT_CONVERSION = YES;
				CLANG_WARN_DEPRECATED_OBJC_IMPLEMENTATIONS = YES;
				CLANG_WARN_DIRECT_OBJC_ISA_USAGE = YES_ERROR;
				CLANG_WARN_DOCUMENTATION_COMMENTS = YES;
				CLANG_WARN_EMPTY_BODY = YES;
				CLANG_WARN_ENUM_CONVERSION = YES;
				CLANG_WARN_INFINITE_RECURSION = YES;
				CLANG_WARN_INT_CONVERSION = YES;
				CLANG_WARN_NON_LITERAL_NULL_CONVERSION = YES;
				CLANG_WARN_OBJC_IMPLICIT_RETAIN_SELF = YES;
				CLANG_WARN_OBJC_LITERAL_CONVERSION = YES;
				CLANG_WARN_OBJC_ROOT_CLASS = YES_ERROR;
				CLANG_WARN_QUOTED_INCLUDE_IN_FRAMEWORK_HEADER = YES;
				CLANG_WARN_RANGE_LOOP_ANALYSIS = YES;
				CLANG_WARN_STRICT_PROTOTYPES = YES;
				CLANG_WARN_SUSPICIOUS_MOVE = YES;
				CLANG_WARN_UNGUARDED_AVAILABILITY = YES_AGGRESSIVE;
				CLANG_WARN_UNREACHABLE_CODE = YES;
				CLANG_WARN__DUPLICATE_METHOD_MATCH = YES;
				COPY_PHASE_STRIP = NO;
				DEBUG_INFORMATION_FORMAT = "dwarf-with-dsym";
				ENABLE_NS_ASSERTIONS = NO;
				ENABLE_STRICT_OBJC_MSGSEND = YES;
				GCC_C_LANGUAGE_STANDARD = gnu11;
				GCC_NO_COMMON_BLOCKS = YES;
				GCC_WARN_64_TO_32_BIT_CONVERSION = YES;
				GCC_WARN_ABOUT_RETURN_TYPE = YES_ERROR;
				GCC_WARN_UNDECLARED_SELECTOR = YES;
				GCC_WARN_UNINITIALIZED_AUTOS = YES_AGGRESSIVE;
				GCC_WARN_UNUSED_FUNCTION = YES;
				GCC_WARN_UNUSED_VARIABLE = YES;
				IPHONEOS_DEPLOYMENT_TARGET = 14.3;
				MTL_ENABLE_DEBUG_INFO = NO;
				MTL_FAST_MATH = YES;
				SDKROOT = iphoneos;
				SWIFT_COMPILATION_MODE = wholemodule;
				SWIFT_OPTIMIZATION_LEVEL = "-O";
				VALIDATE_PRODUCT = YES;
			};
			name = ReleasePreProd;
		};
		DE5F3361270182C0005F8EC3 /* ReleasePreProd */ = {
			isa = XCBuildConfiguration;
			baseConfigurationReference = CCB0086220404797DF9E5BAA /* Pods-Project Setup Demo.releasepreprod.xcconfig */;
			buildSettings = {
				ASSETCATALOG_COMPILER_APPICON_NAME = AppIcon;
				ASSETCATALOG_COMPILER_GLOBAL_ACCENT_COLOR_NAME = AccentColor;
				CODE_SIGN_STYLE = Automatic;
				INFOPLIST_FILE = "Project Setup Demo/Info.plist";
				IPHONEOS_DEPLOYMENT_TARGET = 13.0;
				LD_RUNPATH_SEARCH_PATHS = (
					"$(inherited)",
					"@executable_path/Frameworks",
				);
				PRODUCT_BUNDLE_IDENTIFIER = "com.adwait.Project-Setup-Demo";
				PRODUCT_NAME = "$(TARGET_NAME)";
				SWIFT_ACTIVE_COMPILATION_CONDITIONS = PreProd;
				SWIFT_VERSION = 5.0;
				TARGETED_DEVICE_FAMILY = 1;
			};
			name = ReleasePreProd;
		};
		DE5F3362270182CF005F8EC3 /* DebugCUG */ = {
			isa = XCBuildConfiguration;
			buildSettings = {
				ALWAYS_SEARCH_USER_PATHS = NO;
				CLANG_ANALYZER_NONNULL = YES;
				CLANG_ANALYZER_NUMBER_OBJECT_CONVERSION = YES_AGGRESSIVE;
				CLANG_CXX_LANGUAGE_STANDARD = "gnu++14";
				CLANG_CXX_LIBRARY = "libc++";
				CLANG_ENABLE_MODULES = YES;
				CLANG_ENABLE_OBJC_ARC = YES;
				CLANG_ENABLE_OBJC_WEAK = YES;
				CLANG_WARN_BLOCK_CAPTURE_AUTORELEASING = YES;
				CLANG_WARN_BOOL_CONVERSION = YES;
				CLANG_WARN_COMMA = YES;
				CLANG_WARN_CONSTANT_CONVERSION = YES;
				CLANG_WARN_DEPRECATED_OBJC_IMPLEMENTATIONS = YES;
				CLANG_WARN_DIRECT_OBJC_ISA_USAGE = YES_ERROR;
				CLANG_WARN_DOCUMENTATION_COMMENTS = YES;
				CLANG_WARN_EMPTY_BODY = YES;
				CLANG_WARN_ENUM_CONVERSION = YES;
				CLANG_WARN_INFINITE_RECURSION = YES;
				CLANG_WARN_INT_CONVERSION = YES;
				CLANG_WARN_NON_LITERAL_NULL_CONVERSION = YES;
				CLANG_WARN_OBJC_IMPLICIT_RETAIN_SELF = YES;
				CLANG_WARN_OBJC_LITERAL_CONVERSION = YES;
				CLANG_WARN_OBJC_ROOT_CLASS = YES_ERROR;
				CLANG_WARN_QUOTED_INCLUDE_IN_FRAMEWORK_HEADER = YES;
				CLANG_WARN_RANGE_LOOP_ANALYSIS = YES;
				CLANG_WARN_STRICT_PROTOTYPES = YES;
				CLANG_WARN_SUSPICIOUS_MOVE = YES;
				CLANG_WARN_UNGUARDED_AVAILABILITY = YES_AGGRESSIVE;
				CLANG_WARN_UNREACHABLE_CODE = YES;
				CLANG_WARN__DUPLICATE_METHOD_MATCH = YES;
				COPY_PHASE_STRIP = NO;
				DEBUG_INFORMATION_FORMAT = dwarf;
				ENABLE_STRICT_OBJC_MSGSEND = YES;
				ENABLE_TESTABILITY = YES;
				GCC_C_LANGUAGE_STANDARD = gnu11;
				GCC_DYNAMIC_NO_PIC = NO;
				GCC_NO_COMMON_BLOCKS = YES;
				GCC_OPTIMIZATION_LEVEL = 0;
				GCC_PREPROCESSOR_DEFINITIONS = (
					"DEBUG=1",
					"$(inherited)",
				);
				GCC_WARN_64_TO_32_BIT_CONVERSION = YES;
				GCC_WARN_ABOUT_RETURN_TYPE = YES_ERROR;
				GCC_WARN_UNDECLARED_SELECTOR = YES;
				GCC_WARN_UNINITIALIZED_AUTOS = YES_AGGRESSIVE;
				GCC_WARN_UNUSED_FUNCTION = YES;
				GCC_WARN_UNUSED_VARIABLE = YES;
				IPHONEOS_DEPLOYMENT_TARGET = 14.3;
				MTL_ENABLE_DEBUG_INFO = INCLUDE_SOURCE;
				MTL_FAST_MATH = YES;
				ONLY_ACTIVE_ARCH = YES;
				SDKROOT = iphoneos;
				SWIFT_ACTIVE_COMPILATION_CONDITIONS = DEBUG;
				SWIFT_OPTIMIZATION_LEVEL = "-Onone";
			};
			name = DebugCUG;
		};
		DE5F3363270182CF005F8EC3 /* DebugCUG */ = {
			isa = XCBuildConfiguration;
			baseConfigurationReference = 941029B779FA910B5D4B8742 /* Pods-Project Setup Demo.debugcug.xcconfig */;
			buildSettings = {
				ASSETCATALOG_COMPILER_APPICON_NAME = AppIcon;
				ASSETCATALOG_COMPILER_GLOBAL_ACCENT_COLOR_NAME = AccentColor;
				CODE_SIGN_STYLE = Automatic;
				INFOPLIST_FILE = "Project Setup Demo/Info.plist";
				IPHONEOS_DEPLOYMENT_TARGET = 13.0;
				LD_RUNPATH_SEARCH_PATHS = (
					"$(inherited)",
					"@executable_path/Frameworks",
				);
				PRODUCT_BUNDLE_IDENTIFIER = "com.adwait.Project-Setup-Demo";
				PRODUCT_NAME = "$(TARGET_NAME)";
				SWIFT_ACTIVE_COMPILATION_CONDITIONS = CUG;
				SWIFT_VERSION = 5.0;
				TARGETED_DEVICE_FAMILY = 1;
			};
			name = DebugCUG;
		};
		DE5F3364270182D6005F8EC3 /* ReleaseCUG */ = {
			isa = XCBuildConfiguration;
			buildSettings = {
				ALWAYS_SEARCH_USER_PATHS = NO;
				CLANG_ANALYZER_NONNULL = YES;
				CLANG_ANALYZER_NUMBER_OBJECT_CONVERSION = YES_AGGRESSIVE;
				CLANG_CXX_LANGUAGE_STANDARD = "gnu++14";
				CLANG_CXX_LIBRARY = "libc++";
				CLANG_ENABLE_MODULES = YES;
				CLANG_ENABLE_OBJC_ARC = YES;
				CLANG_ENABLE_OBJC_WEAK = YES;
				CLANG_WARN_BLOCK_CAPTURE_AUTORELEASING = YES;
				CLANG_WARN_BOOL_CONVERSION = YES;
				CLANG_WARN_COMMA = YES;
				CLANG_WARN_CONSTANT_CONVERSION = YES;
				CLANG_WARN_DEPRECATED_OBJC_IMPLEMENTATIONS = YES;
				CLANG_WARN_DIRECT_OBJC_ISA_USAGE = YES_ERROR;
				CLANG_WARN_DOCUMENTATION_COMMENTS = YES;
				CLANG_WARN_EMPTY_BODY = YES;
				CLANG_WARN_ENUM_CONVERSION = YES;
				CLANG_WARN_INFINITE_RECURSION = YES;
				CLANG_WARN_INT_CONVERSION = YES;
				CLANG_WARN_NON_LITERAL_NULL_CONVERSION = YES;
				CLANG_WARN_OBJC_IMPLICIT_RETAIN_SELF = YES;
				CLANG_WARN_OBJC_LITERAL_CONVERSION = YES;
				CLANG_WARN_OBJC_ROOT_CLASS = YES_ERROR;
				CLANG_WARN_QUOTED_INCLUDE_IN_FRAMEWORK_HEADER = YES;
				CLANG_WARN_RANGE_LOOP_ANALYSIS = YES;
				CLANG_WARN_STRICT_PROTOTYPES = YES;
				CLANG_WARN_SUSPICIOUS_MOVE = YES;
				CLANG_WARN_UNGUARDED_AVAILABILITY = YES_AGGRESSIVE;
				CLANG_WARN_UNREACHABLE_CODE = YES;
				CLANG_WARN__DUPLICATE_METHOD_MATCH = YES;
				COPY_PHASE_STRIP = NO;
				DEBUG_INFORMATION_FORMAT = "dwarf-with-dsym";
				ENABLE_NS_ASSERTIONS = NO;
				ENABLE_STRICT_OBJC_MSGSEND = YES;
				GCC_C_LANGUAGE_STANDARD = gnu11;
				GCC_NO_COMMON_BLOCKS = YES;
				GCC_WARN_64_TO_32_BIT_CONVERSION = YES;
				GCC_WARN_ABOUT_RETURN_TYPE = YES_ERROR;
				GCC_WARN_UNDECLARED_SELECTOR = YES;
				GCC_WARN_UNINITIALIZED_AUTOS = YES_AGGRESSIVE;
				GCC_WARN_UNUSED_FUNCTION = YES;
				GCC_WARN_UNUSED_VARIABLE = YES;
				IPHONEOS_DEPLOYMENT_TARGET = 14.3;
				MTL_ENABLE_DEBUG_INFO = NO;
				MTL_FAST_MATH = YES;
				SDKROOT = iphoneos;
				SWIFT_COMPILATION_MODE = wholemodule;
				SWIFT_OPTIMIZATION_LEVEL = "-O";
				VALIDATE_PRODUCT = YES;
			};
			name = ReleaseCUG;
		};
		DE5F3365270182D6005F8EC3 /* ReleaseCUG */ = {
			isa = XCBuildConfiguration;
			baseConfigurationReference = 05485A775B637496F97B98FF /* Pods-Project Setup Demo.releasecug.xcconfig */;
			buildSettings = {
				ASSETCATALOG_COMPILER_APPICON_NAME = AppIcon;
				ASSETCATALOG_COMPILER_GLOBAL_ACCENT_COLOR_NAME = AccentColor;
				CODE_SIGN_STYLE = Automatic;
				INFOPLIST_FILE = "Project Setup Demo/Info.plist";
				IPHONEOS_DEPLOYMENT_TARGET = 13.0;
				LD_RUNPATH_SEARCH_PATHS = (
					"$(inherited)",
					"@executable_path/Frameworks",
				);
				PRODUCT_BUNDLE_IDENTIFIER = "com.adwait.Project-Setup-Demo";
				PRODUCT_NAME = "$(TARGET_NAME)";
				SWIFT_ACTIVE_COMPILATION_CONDITIONS = CUG;
				SWIFT_VERSION = 5.0;
				TARGETED_DEVICE_FAMILY = 1;
			};
			name = ReleaseCUG;
		};
		DE5F3366270182DD005F8EC3 /* DebugPROD */ = {
			isa = XCBuildConfiguration;
			buildSettings = {
				ALWAYS_SEARCH_USER_PATHS = NO;
				CLANG_ANALYZER_NONNULL = YES;
				CLANG_ANALYZER_NUMBER_OBJECT_CONVERSION = YES_AGGRESSIVE;
				CLANG_CXX_LANGUAGE_STANDARD = "gnu++14";
				CLANG_CXX_LIBRARY = "libc++";
				CLANG_ENABLE_MODULES = YES;
				CLANG_ENABLE_OBJC_ARC = YES;
				CLANG_ENABLE_OBJC_WEAK = YES;
				CLANG_WARN_BLOCK_CAPTURE_AUTORELEASING = YES;
				CLANG_WARN_BOOL_CONVERSION = YES;
				CLANG_WARN_COMMA = YES;
				CLANG_WARN_CONSTANT_CONVERSION = YES;
				CLANG_WARN_DEPRECATED_OBJC_IMPLEMENTATIONS = YES;
				CLANG_WARN_DIRECT_OBJC_ISA_USAGE = YES_ERROR;
				CLANG_WARN_DOCUMENTATION_COMMENTS = YES;
				CLANG_WARN_EMPTY_BODY = YES;
				CLANG_WARN_ENUM_CONVERSION = YES;
				CLANG_WARN_INFINITE_RECURSION = YES;
				CLANG_WARN_INT_CONVERSION = YES;
				CLANG_WARN_NON_LITERAL_NULL_CONVERSION = YES;
				CLANG_WARN_OBJC_IMPLICIT_RETAIN_SELF = YES;
				CLANG_WARN_OBJC_LITERAL_CONVERSION = YES;
				CLANG_WARN_OBJC_ROOT_CLASS = YES_ERROR;
				CLANG_WARN_QUOTED_INCLUDE_IN_FRAMEWORK_HEADER = YES;
				CLANG_WARN_RANGE_LOOP_ANALYSIS = YES;
				CLANG_WARN_STRICT_PROTOTYPES = YES;
				CLANG_WARN_SUSPICIOUS_MOVE = YES;
				CLANG_WARN_UNGUARDED_AVAILABILITY = YES_AGGRESSIVE;
				CLANG_WARN_UNREACHABLE_CODE = YES;
				CLANG_WARN__DUPLICATE_METHOD_MATCH = YES;
				COPY_PHASE_STRIP = NO;
				DEBUG_INFORMATION_FORMAT = dwarf;
				ENABLE_STRICT_OBJC_MSGSEND = YES;
				ENABLE_TESTABILITY = YES;
				GCC_C_LANGUAGE_STANDARD = gnu11;
				GCC_DYNAMIC_NO_PIC = NO;
				GCC_NO_COMMON_BLOCKS = YES;
				GCC_OPTIMIZATION_LEVEL = 0;
				GCC_PREPROCESSOR_DEFINITIONS = (
					"DEBUG=1",
					"$(inherited)",
				);
				GCC_WARN_64_TO_32_BIT_CONVERSION = YES;
				GCC_WARN_ABOUT_RETURN_TYPE = YES_ERROR;
				GCC_WARN_UNDECLARED_SELECTOR = YES;
				GCC_WARN_UNINITIALIZED_AUTOS = YES_AGGRESSIVE;
				GCC_WARN_UNUSED_FUNCTION = YES;
				GCC_WARN_UNUSED_VARIABLE = YES;
				IPHONEOS_DEPLOYMENT_TARGET = 14.3;
				MTL_ENABLE_DEBUG_INFO = INCLUDE_SOURCE;
				MTL_FAST_MATH = YES;
				ONLY_ACTIVE_ARCH = YES;
				SDKROOT = iphoneos;
				SWIFT_ACTIVE_COMPILATION_CONDITIONS = DEBUG;
				SWIFT_OPTIMIZATION_LEVEL = "-Onone";
			};
			name = DebugPROD;
		};
		DE5F3367270182DD005F8EC3 /* DebugPROD */ = {
			isa = XCBuildConfiguration;
			baseConfigurationReference = 4820F6874A20AC2E9F972A90 /* Pods-Project Setup Demo.debugprod.xcconfig */;
			buildSettings = {
				ASSETCATALOG_COMPILER_APPICON_NAME = AppIcon;
				ASSETCATALOG_COMPILER_GLOBAL_ACCENT_COLOR_NAME = AccentColor;
				CODE_SIGN_STYLE = Automatic;
				INFOPLIST_FILE = "Project Setup Demo/Info.plist";
				IPHONEOS_DEPLOYMENT_TARGET = 13.0;
				LD_RUNPATH_SEARCH_PATHS = (
					"$(inherited)",
					"@executable_path/Frameworks",
				);
				PRODUCT_BUNDLE_IDENTIFIER = "com.adwait.Project-Setup-Demo";
				PRODUCT_NAME = "$(TARGET_NAME)";
				SWIFT_ACTIVE_COMPILATION_CONDITIONS = PROD;
				SWIFT_VERSION = 5.0;
				TARGETED_DEVICE_FAMILY = 1;
			};
			name = DebugPROD;
		};
		DE5F3368270182E5005F8EC3 /* ReleasePROD */ = {
			isa = XCBuildConfiguration;
			buildSettings = {
				ALWAYS_SEARCH_USER_PATHS = NO;
				CLANG_ANALYZER_NONNULL = YES;
				CLANG_ANALYZER_NUMBER_OBJECT_CONVERSION = YES_AGGRESSIVE;
				CLANG_CXX_LANGUAGE_STANDARD = "gnu++14";
				CLANG_CXX_LIBRARY = "libc++";
				CLANG_ENABLE_MODULES = YES;
				CLANG_ENABLE_OBJC_ARC = YES;
				CLANG_ENABLE_OBJC_WEAK = YES;
				CLANG_WARN_BLOCK_CAPTURE_AUTORELEASING = YES;
				CLANG_WARN_BOOL_CONVERSION = YES;
				CLANG_WARN_COMMA = YES;
				CLANG_WARN_CONSTANT_CONVERSION = YES;
				CLANG_WARN_DEPRECATED_OBJC_IMPLEMENTATIONS = YES;
				CLANG_WARN_DIRECT_OBJC_ISA_USAGE = YES_ERROR;
				CLANG_WARN_DOCUMENTATION_COMMENTS = YES;
				CLANG_WARN_EMPTY_BODY = YES;
				CLANG_WARN_ENUM_CONVERSION = YES;
				CLANG_WARN_INFINITE_RECURSION = YES;
				CLANG_WARN_INT_CONVERSION = YES;
				CLANG_WARN_NON_LITERAL_NULL_CONVERSION = YES;
				CLANG_WARN_OBJC_IMPLICIT_RETAIN_SELF = YES;
				CLANG_WARN_OBJC_LITERAL_CONVERSION = YES;
				CLANG_WARN_OBJC_ROOT_CLASS = YES_ERROR;
				CLANG_WARN_QUOTED_INCLUDE_IN_FRAMEWORK_HEADER = YES;
				CLANG_WARN_RANGE_LOOP_ANALYSIS = YES;
				CLANG_WARN_STRICT_PROTOTYPES = YES;
				CLANG_WARN_SUSPICIOUS_MOVE = YES;
				CLANG_WARN_UNGUARDED_AVAILABILITY = YES_AGGRESSIVE;
				CLANG_WARN_UNREACHABLE_CODE = YES;
				CLANG_WARN__DUPLICATE_METHOD_MATCH = YES;
				COPY_PHASE_STRIP = NO;
				DEBUG_INFORMATION_FORMAT = "dwarf-with-dsym";
				ENABLE_NS_ASSERTIONS = NO;
				ENABLE_STRICT_OBJC_MSGSEND = YES;
				GCC_C_LANGUAGE_STANDARD = gnu11;
				GCC_NO_COMMON_BLOCKS = YES;
				GCC_WARN_64_TO_32_BIT_CONVERSION = YES;
				GCC_WARN_ABOUT_RETURN_TYPE = YES_ERROR;
				GCC_WARN_UNDECLARED_SELECTOR = YES;
				GCC_WARN_UNINITIALIZED_AUTOS = YES_AGGRESSIVE;
				GCC_WARN_UNUSED_FUNCTION = YES;
				GCC_WARN_UNUSED_VARIABLE = YES;
				IPHONEOS_DEPLOYMENT_TARGET = 14.3;
				MTL_ENABLE_DEBUG_INFO = NO;
				MTL_FAST_MATH = YES;
				SDKROOT = iphoneos;
				SWIFT_COMPILATION_MODE = wholemodule;
				SWIFT_OPTIMIZATION_LEVEL = "-O";
				VALIDATE_PRODUCT = YES;
			};
			name = ReleasePROD;
		};
		DE5F3369270182E5005F8EC3 /* ReleasePROD */ = {
			isa = XCBuildConfiguration;
			baseConfigurationReference = B9B39DE5CD6C246C5C6D0886 /* Pods-Project Setup Demo.releaseprod.xcconfig */;
			buildSettings = {
				ASSETCATALOG_COMPILER_APPICON_NAME = AppIcon;
				ASSETCATALOG_COMPILER_GLOBAL_ACCENT_COLOR_NAME = AccentColor;
				CODE_SIGN_STYLE = Automatic;
				INFOPLIST_FILE = "Project Setup Demo/Info.plist";
				IPHONEOS_DEPLOYMENT_TARGET = 13.0;
				LD_RUNPATH_SEARCH_PATHS = (
					"$(inherited)",
					"@executable_path/Frameworks",
				);
				PRODUCT_BUNDLE_IDENTIFIER = "com.adwait.Project-Setup-Demo";
				PRODUCT_NAME = "$(TARGET_NAME)";
				SWIFT_ACTIVE_COMPILATION_CONDITIONS = PROD;
				SWIFT_VERSION = 5.0;
				TARGETED_DEVICE_FAMILY = 1;
			};
			name = ReleasePROD;
		};
/* End XCBuildConfiguration section */

/* Begin XCConfigurationList section */
		DE5F333D27018265005F8EC3 /* Build configuration list for PBXProject "Project Setup Demo" */ = {
			isa = XCConfigurationList;
			buildConfigurations = (
				DE5F335427018266005F8EC3 /* Debug */,
				DE5F3366270182DD005F8EC3 /* DebugPROD */,
				DE5F3362270182CF005F8EC3 /* DebugCUG */,
				DE5F335E270182B4005F8EC3 /* DebugPreProd */,
				DE5F335A2701829C005F8EC3 /* DebugUAT */,
				DE5F335527018266005F8EC3 /* Release */,
				DE5F3368270182E5005F8EC3 /* ReleasePROD */,
				DE5F3364270182D6005F8EC3 /* ReleaseCUG */,
				DE5F3360270182C0005F8EC3 /* ReleasePreProd */,
				DE5F335C270182AC005F8EC3 /* ReleaseUAT */,
			);
			defaultConfigurationIsVisible = 0;
			defaultConfigurationName = Release;
		};
		DE5F335627018266005F8EC3 /* Build configuration list for PBXNativeTarget "Project Setup Demo" */ = {
			isa = XCConfigurationList;
			buildConfigurations = (
				DE5F335727018266005F8EC3 /* Debug */,
				DE5F3367270182DD005F8EC3 /* DebugPROD */,
				DE5F3363270182CF005F8EC3 /* DebugCUG */,
				DE5F335F270182B4005F8EC3 /* DebugPreProd */,
				DE5F335B2701829C005F8EC3 /* DebugUAT */,
				DE5F335827018266005F8EC3 /* Release */,
				DE5F3369270182E5005F8EC3 /* ReleasePROD */,
				DE5F3365270182D6005F8EC3 /* ReleaseCUG */,
				DE5F3361270182C0005F8EC3 /* ReleasePreProd */,
				DE5F335D270182AC005F8EC3 /* ReleaseUAT */,
			);
			defaultConfigurationIsVisible = 0;
			defaultConfigurationName = Release;
		};
/* End XCConfigurationList section */
	};
	rootObject = DE5F333A27018265005F8EC3 /* Project object */;
}
